
Microsoft Visual Studio Solution File, Format Version 12.00
# Visual Studio Version 17
VisualStudioVersion = 17.0.32014.148
MinimumVisualStudioVersion = 10.0.40219.1
Project("{FAE04EC0-301F-11D3-BF4B-00C04F79EFBC}") = "WPF-InputValidation", "WPF-InputValidation\WPF-InputValidation.csproj", "{0E5F8628-3B9E-481F-B043-9A55345D2276}"
EndProject
Global
	GlobalSection(SolutionConfigurationPlatforms) = preSolution
		Debug|Any CPU = Debug|Any CPU
		Release|Any CPU = Release|Any CPU
	EndGlobalSection
	GlobalSection(ProjectConfigurationPlatforms) = postSolution
		{0E5F8628-3B9E-481F-B043-9A55345D2276}.Debug|Any CPU.ActiveCfg = Debug|Any CPU
		{0E5F8628-3B9E-481F-B043-9A55345D2276}.Debug|Any CPU.Build.0 = Debug|Any CPU
		{0E5F8628-3B9E-481F-B043-9A55345D2276}.Release|Any CPU.ActiveCfg = Release|Any CPU
		{0E5F8628-3B9E-481F-B043-9A55345D2276}.Release|Any CPU.Build.0 = Release|Any CPU
	EndGlobalSection
	GlobalSection(SolutionProperties) = preSolution
		HideSolutionNode = FALSE
	EndGlobalSection
	GlobalSection(ExtensibilityGlobals) = postSolution
		SolutionGuid = {8D1D2B7C-4BFA-4C39-A9F7-9A4835303A55}
	EndGlobalSection
EndGlobal
